
Microsoft Visual Studio Solution File, Format Version 12.00
# Visual Studio 15
VisualStudioVersion = 15.0.28307.539
MinimumVisualStudioVersion = 10.0.40219.1
Project("{FAE04EC0-301F-11D3-BF4B-00C04F79EFBC}") = "findpersonalinfo", "findpersonalinfo\findpersonalinfo.csproj", "{84577BA9-9EA6-4CDC-A515-70427A72A200}"
EndProject
Project("{FAE04EC0-301F-11D3-BF4B-00C04F79EFBC}") = "findpersonalinfo.Tests", "findpersonalinfo.Tests\findpersonalinfo.Tests.csproj", "{0BC8F738-9E8C-48A8-A130-880540BCD194}"
EndProject
Global
	GlobalSection(SolutionConfigurationPlatforms) = preSolution
		Debug|Any CPU = Debug|Any CPU
		Release|Any CPU = Release|Any CPU
	EndGlobalSection
	GlobalSection(ProjectConfigurationPlatforms) = postSolution
		{84577BA9-9EA6-4CDC-A515-70427A72A200}.Debug|Any CPU.ActiveCfg = Debug|Any CPU
		{84577BA9-9EA6-4CDC-A515-70427A72A200}.Debug|Any CPU.Build.0 = Debug|Any CPU
		{84577BA9-9EA6-4CDC-A515-70427A72A200}.Release|Any CPU.ActiveCfg = Release|Any CPU
		{84577BA9-9EA6-4CDC-A515-70427A72A200}.Release|Any CPU.Build.0 = Release|Any CPU
		{0BC8F738-9E8C-48A8-A130-880540BCD194}.Debug|Any CPU.ActiveCfg = Debug|Any CPU
		{0BC8F738-9E8C-48A8-A130-880540BCD194}.Debug|Any CPU.Build.0 = Debug|Any CPU
		{0BC8F738-9E8C-48A8-A130-880540BCD194}.Release|Any CPU.ActiveCfg = Release|Any CPU
		{0BC8F738-9E8C-48A8-A130-880540BCD194}.Release|Any CPU.Build.0 = Release|Any CPU
	EndGlobalSection
	GlobalSection(SolutionProperties) = preSolution
		HideSolutionNode = FALSE
	EndGlobalSection
	GlobalSection(ExtensibilityGlobals) = postSolution
		SolutionGuid = {0132BC99-0294-41B8-A0D5-4B3454FA6072}
	EndGlobalSection
EndGlobal
